{
    "_readme": [
        "This file locks the dependencies of your project to a known state",
        "Read more about it at https://getcomposer.org/doc/01-basic-usage.md#composer-lock-the-lock-file",
        "This file is @generated automatically"
    ],
    "hash": "4fb745ce714897a759485fc057e8cbcb",
    "content-hash": "acf13709c20e2acaf4dc5bae1fe86b43",
    "packages": [
        {
            "name": "libern/qr-code-reader",
            "version": "v1.0.5",
            "source": {
                "type": "git",
                "url": "https://github.com/libern/qr-code-reader.git",
                "reference": "7f922162865320c76848a763b1a203c271b3975e"
            },
            "dist": {
                "type": "zip",
                "url": "https://api.github.com/repos/libern/qr-code-reader/zipball/7f922162865320c76848a763b1a203c271b3975e",
                "reference": "7f922162865320c76848a763b1a203c271b3975e",
                "shasum": ""
            },
            "require": {
                "php": ">=5.3.0"
            },
            "type": "library",
            "autoload": {
                "psr-4": {
                    "Libern\\QRCodeReader\\": "src/"
                }
            },
            "notification-url": "https://packagist.org/downloads/",
            "license": [
                "MIT"
            ],
            "authors": [
                {
                    "name": "Libern Lin",
                    "email": "libernlin@gmail.com"
                }
            ],
            "description": "Simple PHP QR Code Reader / Decoder",
            "homepage": "https://github.com/libern/qr-code-reader",
            "keywords": [
                "laravel",
                "qr code decoder",
                "qr code reader"
            ],
            "time": "2017-01-26 11:30:53"
        }
    ],
    "packages-dev": [
        {
            "name": "mikey179/vfsStream",
            "version": "v1.1.0",
            "source": {
                "type": "git",
                "url": "https://github.com/mikey179/vfsStream.git",
                "reference": "fc0fe8f4d0b527254a2dc45f0c265567c881d07e"
            },
            "dist": {
                "type": "zip",
                "url": "https://api.github.com/repos/mikey179/vfsStream/zipball/fc0fe8f4d0b527254a2dc45f0c265567c881d07e",
                "reference": "fc0fe8f4d0b527254a2dc45f0c265567c881d07e",
                "shasum": ""
            },
            "require": {
                "php": ">=5.3.0"
            },
            "type": "library",
            "autoload": {
                "psr-0": {
                    "org\\bovigo\\vfs": "src/main/php"
                }
            },
            "notification-url": "https://packagist.org/downloads/",
            "license": [
                "BSD"
            ],
            "homepage": "http://vfs.bovigo.org/",
            "time": "2012-08-25 12:49:29"
        }
    ],
    "aliases": [],
    "minimum-stability": "stable",
    "stability-flags": [],
    "prefer-stable": false,
    "prefer-lowest": false,
    "platform": {
        "php": ">=5.2.4"
    },
    "platform-dev": []
}
